github.com/adm87/enum v0.0.1 h1:I+xMetKDktJbmjduyo0pjYP8V1E2PaYdUxnNJ3zneh8=
github.com/adm87/enum v0.0.1/go.mod h1:vrW9zQsEkUBd2a+tg8yiTkYC3O44EkxcqNVlV143pIY=
github.com/klauspost/compress v1.18.0 h1:c/Cqfb0r+Yi+JtIEq73FWXVkRonBlf0CRNYc8Zttxdo=
github.com/klauspost/compress v1.18.0/go.mod h1:2Pp+KzxcywXVXMr50+X0Q/Lsb43OQHYWRCY2AiWywWQ=
